{
    "_readme": [
        "This file locks the dependencies of your project to a known state",
        "Read more about it at https://getcomposer.org/doc/01-basic-usage.md#composer-lock-the-lock-file",
        "This file is @generated automatically"
    ],
    "hash": "2fe161b13775ec8a93983f742267ffe5",
    "packages": [
        {
            "name": "triagens/arangodb",
            "version": "v2.6.1",
            "source": {
                "type": "git",
                "url": "https://github.com/arangodb/arangodb-php.git",
                "reference": "acaf40170cc89b26b17a1d14034b5daf34e4ba9c"
            },
            "dist": {
                "type": "zip",
                "url": "https://api.github.com/repos/arangodb/arangodb-php/zipball/acaf40170cc89b26b17a1d14034b5daf34e4ba9c",
                "reference": "acaf40170cc89b26b17a1d14034b5daf34e4ba9c",
                "shasum": ""
            },
            "require": {
                "php": ">=5.3.0"
            },
            "type": "library",
            "autoload": {
                "psr-0": {
                    "triagens\\ArangoDb": "lib/"
                }
            },
            "notification-url": "https://packagist.org/downloads/",
            "license": [
                "Apache2"
            ],
            "authors": [
                {
                    "name": "Jan Steemann",
                    "homepage": "https://github.com/arangodb/arangodb-php",
                    "role": "Developer"
                },
                {
                    "name": "Frank Mayer",
                    "homepage": "https://github.com/arangodb/arangodb-php",
                    "role": "Developer"
                },
                {
                    "name": "Contributors",
                    "homepage": "https://github.com/arangodb/arangodb-php/graphs/contributors"
                }
            ],
            "description": "ArangoDb PHP client",
            "homepage": "https://github.com/arangodb/arangodb-php",
            "keywords": [
                "Arango",
                "ArangoDb",
                "database",
                "document store",
                "nosql"
            ],
            "time": "2015-07-23 10:08:19"
        }
    ],
    "packages-dev": [],
    "aliases": [],
    "minimum-stability": "stable",
    "stability-flags": [],
    "prefer-stable": false,
    "prefer-lowest": false,
    "platform": [],
    "platform-dev": []
}
